
Microsoft Visual Studio Solution File, Format Version 12.00
# Visual Studio 2012
Project("{FAE04EC0-301F-11D3-BF4B-00C04F79EFBC}") = "MOVIESDB", "MOVIESDB\MOVIESDB.csproj", "{04E1A76B-15DF-46BD-9257-972E17ABAA13}"
EndProject
Global
	GlobalSection(SolutionConfigurationPlatforms) = preSolution
		Debug|Any CPU = Debug|Any CPU
		Release|Any CPU = Release|Any CPU
	EndGlobalSection
	GlobalSection(ProjectConfigurationPlatforms) = postSolution
		{04E1A76B-15DF-46BD-9257-972E17ABAA13}.Debug|Any CPU.ActiveCfg = Debug|Any CPU
		{04E1A76B-15DF-46BD-9257-972E17ABAA13}.Debug|Any CPU.Build.0 = Debug|Any CPU
		{04E1A76B-15DF-46BD-9257-972E17ABAA13}.Release|Any CPU.ActiveCfg = Release|Any CPU
		{04E1A76B-15DF-46BD-9257-972E17ABAA13}.Release|Any CPU.Build.0 = Release|Any CPU
	EndGlobalSection
	GlobalSection(SolutionProperties) = preSolution
		HideSolutionNode = FALSE
	EndGlobalSection
EndGlobal
